
Microsoft Visual Studio Solution File, Format Version 12.00
# Visual Studio Version 16
VisualStudioVersion = 16.0.29613.14
MinimumVisualStudioVersion = 10.0.40219.1
Project("{FAE04EC0-301F-11D3-BF4B-00C04F79EFBC}") = "Simple School Management", "Simple School Management\Simple School Management.csproj", "{EE8FB74A-E1D5-4707-8720-519337A17F19}"
EndProject
Global
	GlobalSection(SolutionConfigurationPlatforms) = preSolution
		Debug|Any CPU = Debug|Any CPU
		Release|Any CPU = Release|Any CPU
	EndGlobalSection
	GlobalSection(ProjectConfigurationPlatforms) = postSolution
		{EE8FB74A-E1D5-4707-8720-519337A17F19}.Debug|Any CPU.ActiveCfg = Debug|Any CPU
		{EE8FB74A-E1D5-4707-8720-519337A17F19}.Debug|Any CPU.Build.0 = Debug|Any CPU
		{EE8FB74A-E1D5-4707-8720-519337A17F19}.Release|Any CPU.ActiveCfg = Release|Any CPU
		{EE8FB74A-E1D5-4707-8720-519337A17F19}.Release|Any CPU.Build.0 = Release|Any CPU
	EndGlobalSection
	GlobalSection(SolutionProperties) = preSolution
		HideSolutionNode = FALSE
	EndGlobalSection
	GlobalSection(ExtensibilityGlobals) = postSolution
		SolutionGuid = {17CB4AB3-4F05-488D-AC21-7AE794C79252}
	EndGlobalSection
EndGlobal
